{
  "name": "zue-family-bucket",
  "version": "1.0.0",
  "lockfileVersion": 1,
  "requires": true,
  "dependencies": {
    "git-cz": {
      "version": "4.7.0",
      "resolved": "http://nexus.wb-intra.com/nexus/content/groups/npm-group/git-cz/-/git-cz-4.7.0.tgz",
      "integrity": "sha1-+4ARyE2kImEri+YdYJZk35dqbJo="
    }
  }
}
